
Microsoft Visual Studio Solution File, Format Version 12.00
# Visual Studio Version 17
VisualStudioVersion = 17.1.32421.90
MinimumVisualStudioVersion = 10.0.40219.1
Project("{9A19103F-16F7-4668-BE54-9A1E7A4F7556}") = "CG.WebApi", "CG.WebApi\CF.WebApi.csproj", "{660A25FC-A65F-42CC-8DF9-5025DCB5BBC3}"
EndProject
Project("{9A19103F-16F7-4668-BE54-9A1E7A4F7556}") = "ExternalApiServices", "ExternalApiServices\ExternalApiServices.csproj", "{942B05D2-81B6-4EEF-9361-93646342B817}"
EndProject
Project("{FAE04EC0-301F-11D3-BF4B-00C04F79EFBC}") = "App.Data.Sql", "App.Data.Sql\App.Data.Sql.csproj", "{47DC1F3A-EBB1-498A-B7DF-C799E691F67D}"
EndProject
Project("{FAE04EC0-301F-11D3-BF4B-00C04F79EFBC}") = "App.Data.Entities", "App.Data.Entities\App.Data.Entities.csproj", "{6826AEFA-5AD6-45E2-85F7-10AE995902FD}"
EndProject
Project("{FAE04EC0-301F-11D3-BF4B-00C04F79EFBC}") = "App.Repositories", "App.Repositories\App.Repositories.csproj", "{B90CD12D-3B84-4586-A677-030A0E81C525}"
EndProject
Project("{FAE04EC0-301F-11D3-BF4B-00C04F79EFBC}") = "App.Interfaces.Repositories", "App.Interfaces.Repositories\App.Interfaces.Repositories.csproj", "{2BBF5FDC-9DF1-47BD-998F-64D40323DE39}"
EndProject
Project("{2150E333-8FDC-42A3-9474-1A3956D46DE8}") = "App.Interfaces", "Base\App.Interfaces", "{1AE67BE2-5C52-4B09-97DB-8F7DF50B0955}"
EndProject
Project("{2150E333-8FDC-42A3-9474-1A3956D46DE8}") = "src", "src", "{978A13D7-0AFD-4F1F-856B-5EC927C5A1B3}"
EndProject
Project("{2150E333-8FDC-42A3-9474-1A3956D46DE8}") = "App.Data", "App.Data", "{77284289-A110-4D5E-8AFA-A507457C5992}"
EndProject
Project("{2150E333-8FDC-42A3-9474-1A3956D46DE8}") = "App.Repositories", "App.Repositories", "{43ACFFF9-D89B-4FA0-B0C3-BBC1E0D59270}"
EndProject
Project("{2150E333-8FDC-42A3-9474-1A3956D46DE8}") = "App.Infrastructure", "App.Infrastructure", "{CD6B6C6D-E857-4AE1-887B-CF3373B158D1}"
EndProject
Project("{2150E333-8FDC-42A3-9474-1A3956D46DE8}") = "App.Core", "App.Core", "{43A81B10-46F1-403C-8CDF-6F628E6F088A}"
EndProject
Project("{FAE04EC0-301F-11D3-BF4B-00C04F79EFBC}") = "App.Core.Configurations", "Base\App.Core.Configurations\App.Core.Configurations.csproj", "{16B2D3BA-DA3B-40A7-8D21-DC00768F84A0}"
EndProject
Project("{FAE04EC0-301F-11D3-BF4B-00C04F79EFBC}") = "App.Repositories.Core", "Base\App.Repositories.Core\App.Repositories.Core.csproj", "{C6BC53D9-FCCF-4F9B-A602-4208224D1006}"
EndProject
Project("{FAE04EC0-301F-11D3-BF4B-00C04F79EFBC}") = "App.Interfaces.Core", "Base\App.Interfaces.Core\App.Interfaces.Core.csproj", "{4BC8A375-CF09-4871-A398-88EADD3DD4AE}"
EndProject
Project("{FAE04EC0-301F-11D3-BF4B-00C04F79EFBC}") = "App.Interfaces.Core.Configurations", "Base\App.Interfaces.Core.Configurations\App.Interfaces.Core.Configurations.csproj", "{B8514B02-A8D7-459A-9F36-FA900DB1F486}"
EndProject
Project("{FAE04EC0-301F-11D3-BF4B-00C04F79EFBC}") = "App.Interfaces.Data.Entities", "Base\App.Interfaces.Data.Entities\App.Interfaces.Data.Entities.csproj", "{3A7323CB-1A9C-49AF-A4E4-D6CB068EDA2E}"
EndProject
Project("{FAE04EC0-301F-11D3-BF4B-00C04F79EFBC}") = "App.Interfaces.Repositories.Core", "Base\App.Interfaces.Repositories.Core\App.Interfaces.Repositories.Core.csproj", "{1C0DFCDA-C32B-44BA-9ECC-F6DE2F1B7317}"
EndProject
Project("{FAE04EC0-301F-11D3-BF4B-00C04F79EFBC}") = "App.Core.Enums", "Base\App.Core.Enums\App.Core.Enums.csproj", "{D5E61311-A77B-4F15-98D0-E092C2BA2AF8}"
EndProject
Project("{FAE04EC0-301F-11D3-BF4B-00C04F79EFBC}") = "App.Common", "Base\App.Common\App.Common.csproj", "{8DFE3D9B-F67B-4CA8-9BD9-62462BB9DEA8}"
EndProject
Project("{FAE04EC0-301F-11D3-BF4B-00C04F79EFBC}") = "App.Core.Requests.Handlers", "App.Core.Requests.Handlers\App.Core.Requests.Handlers.csproj", "{E3F30F3D-049B-49FE-99B5-CE1C00B81818}"
EndProject
Project("{FAE04EC0-301F-11D3-BF4B-00C04F79EFBC}") = "App.Data.Sql.Core", "Base\App.Data.Sql.Core\App.Data.Sql.Core.csproj", "{A269FAAD-94C8-4215-A057-802DE30D3668}"
EndProject
Project("{FAE04EC0-301F-11D3-BF4B-00C04F79EFBC}") = "App.Data.Entities.Core", "Base\App.Data.Entities.Core\App.Data.Entities.Core.csproj", "{143A3921-3A46-40CD-97AB-0625A85527A5}"
EndProject
Project("{FAE04EC0-301F-11D3-BF4B-00C04F79EFBC}") = "App.Web.Core", "Base\App.Web.Core\App.Web.Core.csproj", "{BA6B0BC8-C261-455B-948E-EDD9135F2D4D}"
EndProject
Project("{FAE04EC0-301F-11D3-BF4B-00C04F79EFBC}") = "App.Core.Exceptions", "Base\App.Core.Exceptions\App.Core.Exceptions.csproj", "{9652A214-4E21-4F52-9E8F-47B38E6A82B7}"
EndProject
Project("{2150E333-8FDC-42A3-9474-1A3956D46DE8}") = "App.Resources", "App.Resources", "{436F915F-B459-4CD2-A2B4-593417E3AFEE}"
EndProject
Project("{FAE04EC0-301F-11D3-BF4B-00C04F79EFBC}") = "App.Resources", "Base\App.Resources\App.Resources.csproj", "{ECB91483-1089-4025-909F-BA5A6A69BAB7}"
EndProject
Project("{FAE04EC0-301F-11D3-BF4B-00C04F79EFBC}") = "App.Interfaces.Data.Sql", "Base\App.Interfaces.Data.Sql\App.Interfaces.Data.Sql.csproj", "{2147A199-D812-47D4-926E-BE6E48B2B9FA}"
EndProject
Project("{FAE04EC0-301F-11D3-BF4B-00C04F79EFBC}") = "App.Data.Sql.DbContext", "Base\App.Data.Sql.DbContext\App.Data.Sql.DbContext.csproj", "{87235885-47BD-450C-9C31-8810F00FC8C5}"
EndProject
Project("{FAE04EC0-301F-11D3-BF4B-00C04F79EFBC}") = "App.Data.Mapping", "Base\App.Data.Mapping\App.Data.Mapping.csproj", "{9E5AF39E-F10E-46C3-BEB5-D784984F0FBD}"
EndProject
Project("{FAE04EC0-301F-11D3-BF4B-00C04F79EFBC}") = "App.Core.Logging", "Base\App.Core.Logging\App.Core.Logging.csproj", "{F2AA696E-7A38-41DF-B617-C313497A285B}"
EndProject
Project("{FAE04EC0-301F-11D3-BF4B-00C04F79EFBC}") = "App.Core.Pipeline", "Base\App.Core.Pipeline\App.Core.Pipeline.csproj", "{04DF6228-0CFC-40E4-8BC7-3B11B5225A62}"
EndProject
Project("{FAE04EC0-301F-11D3-BF4B-00C04F79EFBC}") = "App.Core.Pipeline.Validators", "Base\App.Core.Pipeline.Validators\App.Core.Pipeline.Validators.csproj", "{E075328E-B2BC-42F4-9404-A5D7075840C2}"
EndProject
Project("{FAE04EC0-301F-11D3-BF4B-00C04F79EFBC}") = "App.Security", "Base\App.Security\App.Security.csproj", "{EF9EAD21-4448-4627-8DF8-79E78D30D1DD}"
EndProject
Project("{FAE04EC0-301F-11D3-BF4B-00C04F79EFBC}") = "App.Interfaces.Security", "Base\App.Interfaces.Security\App.Interfaces.Security.csproj", "{02038E6F-0F2E-4A82-8FA6-5A786117F326}"
EndProject
Project("{FAE04EC0-301F-11D3-BF4B-00C04F79EFBC}") = "App.Data.Criterias.Core", "Base\App.Data.Criterias.Core\App.Data.Criterias.Core.csproj", "{F28DA61F-F6FE-4439-ACB8-322AF22CF07A}"
EndProject
Project("{FAE04EC0-301F-11D3-BF4B-00C04F79EFBC}") = "App.Interfaces.RequestsParams", "Base\App.Interfaces.RequestsParams\App.Interfaces.RequestsParams.csproj", "{40D13E92-9CA7-4EFA-BF4C-EEE3968C3153}"
EndProject
Project("{FAE04EC0-301F-11D3-BF4B-00C04F79EFBC}") = "App.Caching", "Base\App.Caching\App.Caching.csproj", "{E372406A-B1FE-4FEA-914A-D693700AE5A3}"
EndProject
Project("{FAE04EC0-301F-11D3-BF4B-00C04F79EFBC}") = "App.Data.Criterias", "App.Data.Criterias\App.Data.Criterias.csproj", "{F54934DA-A161-4169-B96C-B1C71998BE32}"
EndProject
Project("{FAE04EC0-301F-11D3-BF4B-00C04F79EFBC}") = "App.Core.Commands", "App.Core.Commands\App.Core.Commands.csproj", "{78EDF8DE-CD1F-4D09-AF5E-E04B8D965A13}"
EndProject
Project("{FAE04EC0-301F-11D3-BF4B-00C04F79EFBC}") = "App.Core.Commands.Handlers", "App.Core.Commands.Handlers\App.Core.Commands.Handlers.csproj", "{CD9EAD05-8EF8-44C9-B999-7D31EF21EBD5}"
EndProject
Project("{FAE04EC0-301F-11D3-BF4B-00C04F79EFBC}") = "App.Core.ViewModels", "Base\App.Core.ViewModels\App.Core.ViewModels.csproj", "{2A537583-7DB0-45CD-93A1-FCEAF16CEEE3}"
EndProject
Project("{FAE04EC0-301F-11D3-BF4B-00C04F79EFBC}") = "App.Interfaces.Core.Requests", "Base\App.Interfaces.Core.Requests\App.Interfaces.Core.Requests.csproj", "{830280A1-714A-49BC-96C0-72DE03FD160D}"
EndProject
Project("{FAE04EC0-301F-11D3-BF4B-00C04F79EFBC}") = "App.Core.Requests", "Base\App.Core.Requests\App.Core.Requests.csproj", "{7E9DC23D-7074-4782-9D39-F09BB1CB39B4}"
EndProject
Project("{2150E333-8FDC-42A3-9474-1A3956D46DE8}") = "App.Services", "App.Services", "{21B603DF-27A5-4D50-BACB-381CB469D6A8}"
EndProject
Project("{FAE04EC0-301F-11D3-BF4B-00C04F79EFBC}") = "App.Services.AzureTimerFunctions", "App.Services.AzureTimerFunctions\App.Services.AzureTimerFunctions.csproj", "{DD17E217-E45D-49CC-A303-B95D646F41F5}"
EndProject
Project("{FAE04EC0-301F-11D3-BF4B-00C04F79EFBC}") = "App.Services.ExternalSystemRequests", "App.Services.ExternalSystemRequests\App.Services.ExternalSystemRequests.csproj", "{ABC43E23-ADFF-42E2-A5BC-256A2BF32FAD}"
EndProject
Project("{FAE04EC0-301F-11D3-BF4B-00C04F79EFBC}") = "App.Services.WalletService", "App.Services.WalletService\App.Services.WalletService.csproj", "{989C89BC-5365-45AD-A33A-2216D14DDFC3}"
EndProject
Project("{FAE04EC0-301F-11D3-BF4B-00C04F79EFBC}") = "App.Interfaces.ExternalServices", "App.Interfaces.ExternalServices\App.Interfaces.ExternalServices.csproj", "{273786B3-434A-4C2A-9841-51655D23EF7A}"
EndProject
Project("{FAE04EC0-301F-11D3-BF4B-00C04F79EFBC}") = "App.Infrastructure.VirtualWalletService", "App.Infrastructure.VirtualWalletService\App.Infrastructure.VirtualWalletService.csproj", "{022E3B63-A86A-42F6-8C0A-ED1EAFF03F61}"
EndProject
Project("{FAE04EC0-301F-11D3-BF4B-00C04F79EFBC}") = "App.Interfaces.Data.Storage", "Base\App.Interfaces.Data.Storage\App.Interfaces.Data.Storage.csproj", "{BDF91F07-96BF-4568-B667-75F4A77DC87A}"
EndProject
Project("{FAE04EC0-301F-11D3-BF4B-00C04F79EFBC}") = "App.Interfaces.Data.Storage.Core", "Base\App.Interfaces.Data.Storage.Core\App.Interfaces.Data.Storage.Core.csproj", "{DA938B44-DE65-4A79-A42D-2F5819EF0E85}"
EndProject
Project("{FAE04EC0-301F-11D3-BF4B-00C04F79EFBC}") = "App.Data.Storage", "Base\App.Data.Storage\App.Data.Storage.csproj", "{B6446F4D-6B13-491F-A9FF-FC5421623602}"
EndProject
Project("{FAE04EC0-301F-11D3-BF4B-00C04F79EFBC}") = "App.Data.Storage.Core", "Base\App.Data.Storage.Core\App.Data.Storage.Core.csproj", "{54A070E5-4FC6-4B4E-BAAE-644046481357}"
EndProject
Project("{FAE04EC0-301F-11D3-BF4B-00C04F79EFBC}") = "App.Core.Messages", "App.Core.Messages\App.Core.Messages.csproj", "{488CEA42-B6C8-40C5-A044-D4D12ABC6F5C}"
EndProject
Project("{FAE04EC0-301F-11D3-BF4B-00C04F79EFBC}") = "App.Core.Messages.Handlers", "App.Core.Messages.Handlers\App.Core.Messages.Handlers.csproj", "{8492C4A1-26D9-4146-82FA-EBE54E8304A7}"
EndProject
Project("{FAE04EC0-301F-11D3-BF4B-00C04F79EFBC}") = "App.Services.Base", "App.Services.Base\App.Services.Base.csproj", "{ABCA32A5-D007-4A9C-88C8-AF4BFE41E1A2}"
EndProject
Project("{2150E333-8FDC-42A3-9474-1A3956D46DE8}") = "tests", "tests", "{8BA76E14-9403-4464-8BA2-656CC00146FB}"
EndProject
Project("{FAE04EC0-301F-11D3-BF4B-00C04F79EFBC}") = "CG.Tests", "CG.Tests\CF.Tests.csproj", "{FA5FD17F-8493-4AAC-9DF2-5C44AB6DEF8F}"
EndProject
Project("{FAE04EC0-301F-11D3-BF4B-00C04F79EFBC}") = "App.Services.UbikiriApiService", "App.Services.UbikiriApiService\App.Services.UbikiriApiService.csproj", "{98E69C5A-C4DF-4263-896D-04BB5E978054}"
EndProject
Project("{FAE04EC0-301F-11D3-BF4B-00C04F79EFBC}") = "App.Services.RestoreUsers", "App.Services.RestoreUsers\App.Services.RestoreUsers.csproj", "{AD571D7A-CAA1-4D74-8BF5-C75CFB2E81DC}"
EndProject
Project("{FAE04EC0-301F-11D3-BF4B-00C04F79EFBC}") = "App.Interfaces.Handlers", "App.Interfaces.Handlers\App.Interfaces.Handlers.csproj", "{7DEF12C1-831D-4E3A-A86D-8936C5E8CDF8}"
EndProject
Project("{FAE04EC0-301F-11D3-BF4B-00C04F79EFBC}") = "App.Services.Telegram", "App.Services.Telegram\App.Services.Telegram.csproj", "{4735B693-3B42-4E56-9F5A-6E5C2A0F31FD}"
EndProject
Project("{FAE04EC0-301F-11D3-BF4B-00C04F79EFBC}") = "App.Core.Configurations", "App.Core.Configurations\App.Core.Configurations.csproj", "{D2FA3040-382D-4B63-9D28-B44A8F95F79E}"
EndProject
Project("{FAE04EC0-301F-11D3-BF4B-00C04F79EFBC}") = "App.Interfaces.Services", "App.Interfaces.Services\App.Interfaces.Services.csproj", "{147EEF68-A824-4B61-9B2A-AB6DC425F72C}"
EndProject
Project("{FAE04EC0-301F-11D3-BF4B-00C04F79EFBC}") = "App.Repozitories.Pbz", "App.Repozitories.Pbz\App.Repozitories.Pbz.csproj", "{36E36D5B-F5A9-41AD-8798-CF7816B7C513}"
EndProject
Project("{FAE04EC0-301F-11D3-BF4B-00C04F79EFBC}") = "App.Interfaces.Repositories.Pbz", "App.Interfaces.Repositories.Pbz\App.Interfaces.Repositories.Pbz.csproj", "{FA3EB9EE-00F4-4F4E-A39C-19E8E543C312}"
EndProject
Project("{FAE04EC0-301F-11D3-BF4B-00C04F79EFBC}") = "App.Interfaces.Data.Sql.Core", "App.Interfaces.Data.Sql.Core\App.Interfaces.Data.Sql.Core.csproj", "{A8C54E6A-AE10-4DB8-9074-D0F2D4AD4417}"
EndProject
Project("{FAE04EC0-301F-11D3-BF4B-00C04F79EFBC}") = "App.Interfaces.Data.Sql.Pbz", "App.Interfaces.Data.Sql.Pbz\App.Interfaces.Data.Sql.Pbz.csproj", "{457A9456-0F83-49B1-9475-041C03C450D2}"
EndProject
Project("{FAE04EC0-301F-11D3-BF4B-00C04F79EFBC}") = "CG.Tests.Commands.Handlers", "CG.Tests.Commands.Handlers\CF.Tests.Commands.Handlers.csproj", "{191F6A68-41E4-4551-8DE2-C76AD0056349}"
EndProject
Project("{FAE04EC0-301F-11D3-BF4B-00C04F79EFBC}") = "App.Services.BlockChainExplorer", "App.Services.BlockChainExplorer\App.Services.BlockChainExplorer.csproj", "{6F41D468-77F6-4F7A-800A-27F89068B0A5}"
EndProject
Project("{FAE04EC0-301F-11D3-BF4B-00C04F79EFBC}") = "CG.Tests.WebApi", "CG.Tests.WebApi\CF.Tests.WebApi.csproj", "{A8EA02A1-3136-4A85-9A57-9B0568A9E189}"
EndProject
Global
	GlobalSection(SolutionConfigurationPlatforms) = preSolution
		Debug|Any CPU = Debug|Any CPU
		Release|Any CPU = Release|Any CPU
	EndGlobalSection
	GlobalSection(ProjectConfigurationPlatforms) = postSolution
		{660A25FC-A65F-42CC-8DF9-5025DCB5BBC3}.Debug|Any CPU.ActiveCfg = Debug|Any CPU
		{660A25FC-A65F-42CC-8DF9-5025DCB5BBC3}.Debug|Any CPU.Build.0 = Debug|Any CPU
		{660A25FC-A65F-42CC-8DF9-5025DCB5BBC3}.Release|Any CPU.ActiveCfg = Release|Any CPU
		{660A25FC-A65F-42CC-8DF9-5025DCB5BBC3}.Release|Any CPU.Build.0 = Release|Any CPU
		{942B05D2-81B6-4EEF-9361-93646342B817}.Debug|Any CPU.ActiveCfg = Debug|Any CPU
		{942B05D2-81B6-4EEF-9361-93646342B817}.Debug|Any CPU.Build.0 = Debug|Any CPU
		{942B05D2-81B6-4EEF-9361-93646342B817}.Release|Any CPU.ActiveCfg = Release|Any CPU
		{942B05D2-81B6-4EEF-9361-93646342B817}.Release|Any CPU.Build.0 = Release|Any CPU
		{47DC1F3A-EBB1-498A-B7DF-C799E691F67D}.Debug|Any CPU.ActiveCfg = Debug|Any CPU
		{47DC1F3A-EBB1-498A-B7DF-C799E691F67D}.Debug|Any CPU.Build.0 = Debug|Any CPU
		{47DC1F3A-EBB1-498A-B7DF-C799E691F67D}.Release|Any CPU.ActiveCfg = Release|Any CPU
		{47DC1F3A-EBB1-498A-B7DF-C799E691F67D}.Release|Any CPU.Build.0 = Release|Any CPU
		{6826AEFA-5AD6-45E2-85F7-10AE995902FD}.Debug|Any CPU.ActiveCfg = Debug|Any CPU
		{6826AEFA-5AD6-45E2-85F7-10AE995902FD}.Debug|Any CPU.Build.0 = Debug|Any CPU
		{6826AEFA-5AD6-45E2-85F7-10AE995902FD}.Release|Any CPU.ActiveCfg = Release|Any CPU
		{6826AEFA-5AD6-45E2-85F7-10AE995902FD}.Release|Any CPU.Build.0 = Release|Any CPU
		{B90CD12D-3B84-4586-A677-030A0E81C525}.Debug|Any CPU.ActiveCfg = Debug|Any CPU
		{B90CD12D-3B84-4586-A677-030A0E81C525}.Debug|Any CPU.Build.0 = Debug|Any CPU
		{B90CD12D-3B84-4586-A677-030A0E81C525}.Release|Any CPU.ActiveCfg = Release|Any CPU
		{B90CD12D-3B84-4586-A677-030A0E81C525}.Release|Any CPU.Build.0 = Release|Any CPU
		{2BBF5FDC-9DF1-47BD-998F-64D40323DE39}.Debug|Any CPU.ActiveCfg = Debug|Any CPU
		{2BBF5FDC-9DF1-47BD-998F-64D40323DE39}.Debug|Any CPU.Build.0 = Debug|Any CPU
		{2BBF5FDC-9DF1-47BD-998F-64D40323DE39}.Release|Any CPU.ActiveCfg = Release|Any CPU
		{2BBF5FDC-9DF1-47BD-998F-64D40323DE39}.Release|Any CPU.Build.0 = Release|Any CPU
		{16B2D3BA-DA3B-40A7-8D21-DC00768F84A0}.Debug|Any CPU.ActiveCfg = Debug|Any CPU
		{16B2D3BA-DA3B-40A7-8D21-DC00768F84A0}.Debug|Any CPU.Build.0 = Debug|Any CPU
		{16B2D3BA-DA3B-40A7-8D21-DC00768F84A0}.Release|Any CPU.ActiveCfg = Release|Any CPU
		{16B2D3BA-DA3B-40A7-8D21-DC00768F84A0}.Release|Any CPU.Build.0 = Release|Any CPU
		{C6BC53D9-FCCF-4F9B-A602-4208224D1006}.Debug|Any CPU.ActiveCfg = Debug|Any CPU
		{C6BC53D9-FCCF-4F9B-A602-4208224D1006}.Debug|Any CPU.Build.0 = Debug|Any CPU
		{C6BC53D9-FCCF-4F9B-A602-4208224D1006}.Release|Any CPU.ActiveCfg = Release|Any CPU
		{C6BC53D9-FCCF-4F9B-A602-4208224D1006}.Release|Any CPU.Build.0 = Release|Any CPU
		{4BC8A375-CF09-4871-A398-88EADD3DD4AE}.Debug|Any CPU.ActiveCfg = Debug|Any CPU
		{4BC8A375-CF09-4871-A398-88EADD3DD4AE}.Debug|Any CPU.Build.0 = Debug|Any CPU
		{4BC8A375-CF09-4871-A398-88EADD3DD4AE}.Release|Any CPU.ActiveCfg = Release|Any CPU
		{4BC8A375-CF09-4871-A398-88EADD3DD4AE}.Release|Any CPU.Build.0 = Release|Any CPU
		{B8514B02-A8D7-459A-9F36-FA900DB1F486}.Debug|Any CPU.ActiveCfg = Debug|Any CPU
		{B8514B02-A8D7-459A-9F36-FA900DB1F486}.Debug|Any CPU.Build.0 = Debug|Any CPU
		{B8514B02-A8D7-459A-9F36-FA900DB1F486}.Release|Any CPU.ActiveCfg = Release|Any CPU
		{B8514B02-A8D7-459A-9F36-FA900DB1F486}.Release|Any CPU.Build.0 = Release|Any CPU
		{3A7323CB-1A9C-49AF-A4E4-D6CB068EDA2E}.Debug|Any CPU.ActiveCfg = Debug|Any CPU
		{3A7323CB-1A9C-49AF-A4E4-D6CB068EDA2E}.Debug|Any CPU.Build.0 = Debug|Any CPU
		{3A7323CB-1A9C-49AF-A4E4-D6CB068EDA2E}.Release|Any CPU.ActiveCfg = Release|Any CPU
		{3A7323CB-1A9C-49AF-A4E4-D6CB068EDA2E}.Release|Any CPU.Build.0 = Release|Any CPU
		{1C0DFCDA-C32B-44BA-9ECC-F6DE2F1B7317}.Debug|Any CPU.ActiveCfg = Debug|Any CPU
		{1C0DFCDA-C32B-44BA-9ECC-F6DE2F1B7317}.Debug|Any CPU.Build.0 = Debug|Any CPU
		{1C0DFCDA-C32B-44BA-9ECC-F6DE2F1B7317}.Release|Any CPU.ActiveCfg = Release|Any CPU
		{1C0DFCDA-C32B-44BA-9ECC-F6DE2F1B7317}.Release|Any CPU.Build.0 = Release|Any CPU
		{D5E61311-A77B-4F15-98D0-E092C2BA2AF8}.Debug|Any CPU.ActiveCfg = Debug|Any CPU
		{D5E61311-A77B-4F15-98D0-E092C2BA2AF8}.Debug|Any CPU.Build.0 = Debug|Any CPU
		{D5E61311-A77B-4F15-98D0-E092C2BA2AF8}.Release|Any CPU.ActiveCfg = Release|Any CPU
		{D5E61311-A77B-4F15-98D0-E092C2BA2AF8}.Release|Any CPU.Build.0 = Release|Any CPU
		{8DFE3D9B-F67B-4CA8-9BD9-62462BB9DEA8}.Debug|Any CPU.ActiveCfg = Debug|Any CPU
		{8DFE3D9B-F67B-4CA8-9BD9-62462BB9DEA8}.Debug|Any CPU.Build.0 = Debug|Any CPU
		{8DFE3D9B-F67B-4CA8-9BD9-62462BB9DEA8}.Release|Any CPU.ActiveCfg = Release|Any CPU
		{8DFE3D9B-F67B-4CA8-9BD9-62462BB9DEA8}.Release|Any CPU.Build.0 = Release|Any CPU
		{E3F30F3D-049B-49FE-99B5-CE1C00B81818}.Debug|Any CPU.ActiveCfg = Debug|Any CPU
		{E3F30F3D-049B-49FE-99B5-CE1C00B81818}.Debug|Any CPU.Build.0 = Debug|Any CPU
		{E3F30F3D-049B-49FE-99B5-CE1C00B81818}.Release|Any CPU.ActiveCfg = Release|Any CPU
		{E3F30F3D-049B-49FE-99B5-CE1C00B81818}.Release|Any CPU.Build.0 = Release|Any CPU
		{A269FAAD-94C8-4215-A057-802DE30D3668}.Debug|Any CPU.ActiveCfg = Debug|Any CPU
		{A269FAAD-94C8-4215-A057-802DE30D3668}.Debug|Any CPU.Build.0 = Debug|Any CPU
		{A269FAAD-94C8-4215-A057-802DE30D3668}.Release|Any CPU.ActiveCfg = Release|Any CPU
		{A269FAAD-94C8-4215-A057-802DE30D3668}.Release|Any CPU.Build.0 = Release|Any CPU
		{143A3921-3A46-40CD-97AB-0625A85527A5}.Debug|Any CPU.ActiveCfg = Debug|Any CPU
		{143A3921-3A46-40CD-97AB-0625A85527A5}.Debug|Any CPU.Build.0 = Debug|Any CPU
		{143A3921-3A46-40CD-97AB-0625A85527A5}.Release|Any CPU.ActiveCfg = Release|Any CPU
		{143A3921-3A46-40CD-97AB-0625A85527A5}.Release|Any CPU.Build.0 = Release|Any CPU
		{BA6B0BC8-C261-455B-948E-EDD9135F2D4D}.Debug|Any CPU.ActiveCfg = Debug|Any CPU
		{BA6B0BC8-C261-455B-948E-EDD9135F2D4D}.Debug|Any CPU.Build.0 = Debug|Any CPU
		{BA6B0BC8-C261-455B-948E-EDD9135F2D4D}.Release|Any CPU.ActiveCfg = Release|Any CPU
		{BA6B0BC8-C261-455B-948E-EDD9135F2D4D}.Release|Any CPU.Build.0 = Release|Any CPU
		{9652A214-4E21-4F52-9E8F-47B38E6A82B7}.Debug|Any CPU.ActiveCfg = Debug|Any CPU
		{9652A214-4E21-4F52-9E8F-47B38E6A82B7}.Debug|Any CPU.Build.0 = Debug|Any CPU
		{9652A214-4E21-4F52-9E8F-47B38E6A82B7}.Release|Any CPU.ActiveCfg = Release|Any CPU
		{9652A214-4E21-4F52-9E8F-47B38E6A82B7}.Release|Any CPU.Build.0 = Release|Any CPU
		{ECB91483-1089-4025-909F-BA5A6A69BAB7}.Debug|Any CPU.ActiveCfg = Debug|Any CPU
		{ECB91483-1089-4025-909F-BA5A6A69BAB7}.Debug|Any CPU.Build.0 = Debug|Any CPU
		{ECB91483-1089-4025-909F-BA5A6A69BAB7}.Release|Any CPU.ActiveCfg = Release|Any CPU
		{ECB91483-1089-4025-909F-BA5A6A69BAB7}.Release|Any CPU.Build.0 = Release|Any CPU
		{2147A199-D812-47D4-926E-BE6E48B2B9FA}.Debug|Any CPU.ActiveCfg = Debug|Any CPU
		{2147A199-D812-47D4-926E-BE6E48B2B9FA}.Debug|Any CPU.Build.0 = Debug|Any CPU
		{2147A199-D812-47D4-926E-BE6E48B2B9FA}.Release|Any CPU.ActiveCfg = Release|Any CPU
		{2147A199-D812-47D4-926E-BE6E48B2B9FA}.Release|Any CPU.Build.0 = Release|Any CPU
		{87235885-47BD-450C-9C31-8810F00FC8C5}.Debug|Any CPU.ActiveCfg = Debug|Any CPU
		{87235885-47BD-450C-9C31-8810F00FC8C5}.Debug|Any CPU.Build.0 = Debug|Any CPU
		{87235885-47BD-450C-9C31-8810F00FC8C5}.Release|Any CPU.ActiveCfg = Release|Any CPU
		{87235885-47BD-450C-9C31-8810F00FC8C5}.Release|Any CPU.Build.0 = Release|Any CPU
		{9E5AF39E-F10E-46C3-BEB5-D784984F0FBD}.Debug|Any CPU.ActiveCfg = Debug|Any CPU
		{9E5AF39E-F10E-46C3-BEB5-D784984F0FBD}.Debug|Any CPU.Build.0 = Debug|Any CPU
		{9E5AF39E-F10E-46C3-BEB5-D784984F0FBD}.Release|Any CPU.ActiveCfg = Release|Any CPU
		{9E5AF39E-F10E-46C3-BEB5-D784984F0FBD}.Release|Any CPU.Build.0 = Release|Any CPU
		{F2AA696E-7A38-41DF-B617-C313497A285B}.Debug|Any CPU.ActiveCfg = Debug|Any CPU
		{F2AA696E-7A38-41DF-B617-C313497A285B}.Debug|Any CPU.Build.0 = Debug|Any CPU
		{F2AA696E-7A38-41DF-B617-C313497A285B}.Release|Any CPU.ActiveCfg = Release|Any CPU
		{F2AA696E-7A38-41DF-B617-C313497A285B}.Release|Any CPU.Build.0 = Release|Any CPU
		{04DF6228-0CFC-40E4-8BC7-3B11B5225A62}.Debug|Any CPU.ActiveCfg = Debug|Any CPU
		{04DF6228-0CFC-40E4-8BC7-3B11B5225A62}.Debug|Any CPU.Build.0 = Debug|Any CPU
		{04DF6228-0CFC-40E4-8BC7-3B11B5225A62}.Release|Any CPU.ActiveCfg = Release|Any CPU
		{04DF6228-0CFC-40E4-8BC7-3B11B5225A62}.Release|Any CPU.Build.0 = Release|Any CPU
		{E075328E-B2BC-42F4-9404-A5D7075840C2}.Debug|Any CPU.ActiveCfg = Debug|Any CPU
		{E075328E-B2BC-42F4-9404-A5D7075840C2}.Debug|Any CPU.Build.0 = Debug|Any CPU
		{E075328E-B2BC-42F4-9404-A5D7075840C2}.Release|Any CPU.ActiveCfg = Release|Any CPU
		{E075328E-B2BC-42F4-9404-A5D7075840C2}.Release|Any CPU.Build.0 = Release|Any CPU
		{EF9EAD21-4448-4627-8DF8-79E78D30D1DD}.Debug|Any CPU.ActiveCfg = Debug|Any CPU
		{EF9EAD21-4448-4627-8DF8-79E78D30D1DD}.Debug|Any CPU.Build.0 = Debug|Any CPU
		{EF9EAD21-4448-4627-8DF8-79E78D30D1DD}.Release|Any CPU.ActiveCfg = Release|Any CPU
		{EF9EAD21-4448-4627-8DF8-79E78D30D1DD}.Release|Any CPU.Build.0 = Release|Any CPU
		{02038E6F-0F2E-4A82-8FA6-5A786117F326}.Debug|Any CPU.ActiveCfg = Debug|Any CPU
		{02038E6F-0F2E-4A82-8FA6-5A786117F326}.Debug|Any CPU.Build.0 = Debug|Any CPU
		{02038E6F-0F2E-4A82-8FA6-5A786117F326}.Release|Any CPU.ActiveCfg = Release|Any CPU
		{02038E6F-0F2E-4A82-8FA6-5A786117F326}.Release|Any CPU.Build.0 = Release|Any CPU
		{F28DA61F-F6FE-4439-ACB8-322AF22CF07A}.Debug|Any CPU.ActiveCfg = Debug|Any CPU
		{F28DA61F-F6FE-4439-ACB8-322AF22CF07A}.Debug|Any CPU.Build.0 = Debug|Any CPU
		{F28DA61F-F6FE-4439-ACB8-322AF22CF07A}.Release|Any CPU.ActiveCfg = Release|Any CPU
		{F28DA61F-F6FE-4439-ACB8-322AF22CF07A}.Release|Any CPU.Build.0 = Release|Any CPU
		{40D13E92-9CA7-4EFA-BF4C-EEE3968C3153}.Debug|Any CPU.ActiveCfg = Debug|Any CPU
		{40D13E92-9CA7-4EFA-BF4C-EEE3968C3153}.Debug|Any CPU.Build.0 = Debug|Any CPU
		{40D13E92-9CA7-4EFA-BF4C-EEE3968C3153}.Release|Any CPU.ActiveCfg = Release|Any CPU
		{40D13E92-9CA7-4EFA-BF4C-EEE3968C3153}.Release|Any CPU.Build.0 = Release|Any CPU
		{E372406A-B1FE-4FEA-914A-D693700AE5A3}.Debug|Any CPU.ActiveCfg = Debug|Any CPU
		{E372406A-B1FE-4FEA-914A-D693700AE5A3}.Debug|Any CPU.Build.0 = Debug|Any CPU
		{E372406A-B1FE-4FEA-914A-D693700AE5A3}.Release|Any CPU.ActiveCfg = Release|Any CPU
		{E372406A-B1FE-4FEA-914A-D693700AE5A3}.Release|Any CPU.Build.0 = Release|Any CPU
		{F54934DA-A161-4169-B96C-B1C71998BE32}.Debug|Any CPU.ActiveCfg = Debug|Any CPU
		{F54934DA-A161-4169-B96C-B1C71998BE32}.Debug|Any CPU.Build.0 = Debug|Any CPU
		{F54934DA-A161-4169-B96C-B1C71998BE32}.Release|Any CPU.ActiveCfg = Release|Any CPU
		{F54934DA-A161-4169-B96C-B1C71998BE32}.Release|Any CPU.Build.0 = Release|Any CPU
		{78EDF8DE-CD1F-4D09-AF5E-E04B8D965A13}.Debug|Any CPU.ActiveCfg = Debug|Any CPU
		{78EDF8DE-CD1F-4D09-AF5E-E04B8D965A13}.Debug|Any CPU.Build.0 = Debug|Any CPU
		{78EDF8DE-CD1F-4D09-AF5E-E04B8D965A13}.Release|Any CPU.ActiveCfg = Release|Any CPU
		{78EDF8DE-CD1F-4D09-AF5E-E04B8D965A13}.Release|Any CPU.Build.0 = Release|Any CPU
		{CD9EAD05-8EF8-44C9-B999-7D31EF21EBD5}.Debug|Any CPU.ActiveCfg = Debug|Any CPU
		{CD9EAD05-8EF8-44C9-B999-7D31EF21EBD5}.Debug|Any CPU.Build.0 = Debug|Any CPU
		{CD9EAD05-8EF8-44C9-B999-7D31EF21EBD5}.Release|Any CPU.ActiveCfg = Release|Any CPU
		{CD9EAD05-8EF8-44C9-B999-7D31EF21EBD5}.Release|Any CPU.Build.0 = Release|Any CPU
		{2A537583-7DB0-45CD-93A1-FCEAF16CEEE3}.Debug|Any CPU.ActiveCfg = Debug|Any CPU
		{2A537583-7DB0-45CD-93A1-FCEAF16CEEE3}.Debug|Any CPU.Build.0 = Debug|Any CPU
		{2A537583-7DB0-45CD-93A1-FCEAF16CEEE3}.Release|Any CPU.ActiveCfg = Release|Any CPU
		{2A537583-7DB0-45CD-93A1-FCEAF16CEEE3}.Release|Any CPU.Build.0 = Release|Any CPU
		{830280A1-714A-49BC-96C0-72DE03FD160D}.Debug|Any CPU.ActiveCfg = Debug|Any CPU
		{830280A1-714A-49BC-96C0-72DE03FD160D}.Debug|Any CPU.Build.0 = Debug|Any CPU
		{830280A1-714A-49BC-96C0-72DE03FD160D}.Release|Any CPU.ActiveCfg = Release|Any CPU
		{830280A1-714A-49BC-96C0-72DE03FD160D}.Release|Any CPU.Build.0 = Release|Any CPU
		{7E9DC23D-7074-4782-9D39-F09BB1CB39B4}.Debug|Any CPU.ActiveCfg = Debug|Any CPU
		{7E9DC23D-7074-4782-9D39-F09BB1CB39B4}.Debug|Any CPU.Build.0 = Debug|Any CPU
		{7E9DC23D-7074-4782-9D39-F09BB1CB39B4}.Release|Any CPU.ActiveCfg = Release|Any CPU
		{7E9DC23D-7074-4782-9D39-F09BB1CB39B4}.Release|Any CPU.Build.0 = Release|Any CPU
		{DD17E217-E45D-49CC-A303-B95D646F41F5}.Debug|Any CPU.ActiveCfg = Debug|Any CPU
		{DD17E217-E45D-49CC-A303-B95D646F41F5}.Debug|Any CPU.Build.0 = Debug|Any CPU
		{DD17E217-E45D-49CC-A303-B95D646F41F5}.Release|Any CPU.ActiveCfg = Release|Any CPU
		{DD17E217-E45D-49CC-A303-B95D646F41F5}.Release|Any CPU.Build.0 = Release|Any CPU
		{ABC43E23-ADFF-42E2-A5BC-256A2BF32FAD}.Debug|Any CPU.ActiveCfg = Debug|Any CPU
		{ABC43E23-ADFF-42E2-A5BC-256A2BF32FAD}.Debug|Any CPU.Build.0 = Debug|Any CPU
		{ABC43E23-ADFF-42E2-A5BC-256A2BF32FAD}.Release|Any CPU.ActiveCfg = Release|Any CPU
		{ABC43E23-ADFF-42E2-A5BC-256A2BF32FAD}.Release|Any CPU.Build.0 = Release|Any CPU
		{989C89BC-5365-45AD-A33A-2216D14DDFC3}.Debug|Any CPU.ActiveCfg = Debug|Any CPU
		{989C89BC-5365-45AD-A33A-2216D14DDFC3}.Debug|Any CPU.Build.0 = Debug|Any CPU
		{989C89BC-5365-45AD-A33A-2216D14DDFC3}.Release|Any CPU.ActiveCfg = Release|Any CPU
		{989C89BC-5365-45AD-A33A-2216D14DDFC3}.Release|Any CPU.Build.0 = Release|Any CPU
		{273786B3-434A-4C2A-9841-51655D23EF7A}.Debug|Any CPU.ActiveCfg = Debug|Any CPU
		{273786B3-434A-4C2A-9841-51655D23EF7A}.Debug|Any CPU.Build.0 = Debug|Any CPU
		{273786B3-434A-4C2A-9841-51655D23EF7A}.Release|Any CPU.ActiveCfg = Release|Any CPU
		{273786B3-434A-4C2A-9841-51655D23EF7A}.Release|Any CPU.Build.0 = Release|Any CPU
		{022E3B63-A86A-42F6-8C0A-ED1EAFF03F61}.Debug|Any CPU.ActiveCfg = Debug|Any CPU
		{022E3B63-A86A-42F6-8C0A-ED1EAFF03F61}.Debug|Any CPU.Build.0 = Debug|Any CPU
		{022E3B63-A86A-42F6-8C0A-ED1EAFF03F61}.Release|Any CPU.ActiveCfg = Release|Any CPU
		{022E3B63-A86A-42F6-8C0A-ED1EAFF03F61}.Release|Any CPU.Build.0 = Release|Any CPU
		{BDF91F07-96BF-4568-B667-75F4A77DC87A}.Debug|Any CPU.ActiveCfg = Debug|Any CPU
		{BDF91F07-96BF-4568-B667-75F4A77DC87A}.Debug|Any CPU.Build.0 = Debug|Any CPU
		{BDF91F07-96BF-4568-B667-75F4A77DC87A}.Release|Any CPU.ActiveCfg = Release|Any CPU
		{BDF91F07-96BF-4568-B667-75F4A77DC87A}.Release|Any CPU.Build.0 = Release|Any CPU
		{DA938B44-DE65-4A79-A42D-2F5819EF0E85}.Debug|Any CPU.ActiveCfg = Debug|Any CPU
		{DA938B44-DE65-4A79-A42D-2F5819EF0E85}.Debug|Any CPU.Build.0 = Debug|Any CPU
		{DA938B44-DE65-4A79-A42D-2F5819EF0E85}.Release|Any CPU.ActiveCfg = Release|Any CPU
		{DA938B44-DE65-4A79-A42D-2F5819EF0E85}.Release|Any CPU.Build.0 = Release|Any CPU
		{B6446F4D-6B13-491F-A9FF-FC5421623602}.Debug|Any CPU.ActiveCfg = Debug|Any CPU
		{B6446F4D-6B13-491F-A9FF-FC5421623602}.Debug|Any CPU.Build.0 = Debug|Any CPU
		{B6446F4D-6B13-491F-A9FF-FC5421623602}.Release|Any CPU.ActiveCfg = Release|Any CPU
		{B6446F4D-6B13-491F-A9FF-FC5421623602}.Release|Any CPU.Build.0 = Release|Any CPU
		{54A070E5-4FC6-4B4E-BAAE-644046481357}.Debug|Any CPU.ActiveCfg = Debug|Any CPU
		{54A070E5-4FC6-4B4E-BAAE-644046481357}.Debug|Any CPU.Build.0 = Debug|Any CPU
		{54A070E5-4FC6-4B4E-BAAE-644046481357}.Release|Any CPU.ActiveCfg = Release|Any CPU
		{54A070E5-4FC6-4B4E-BAAE-644046481357}.Release|Any CPU.Build.0 = Release|Any CPU
		{488CEA42-B6C8-40C5-A044-D4D12ABC6F5C}.Debug|Any CPU.ActiveCfg = Debug|Any CPU
		{488CEA42-B6C8-40C5-A044-D4D12ABC6F5C}.Debug|Any CPU.Build.0 = Debug|Any CPU
		{488CEA42-B6C8-40C5-A044-D4D12ABC6F5C}.Release|Any CPU.ActiveCfg = Release|Any CPU
		{488CEA42-B6C8-40C5-A044-D4D12ABC6F5C}.Release|Any CPU.Build.0 = Release|Any CPU
		{8492C4A1-26D9-4146-82FA-EBE54E8304A7}.Debug|Any CPU.ActiveCfg = Debug|Any CPU
		{8492C4A1-26D9-4146-82FA-EBE54E8304A7}.Debug|Any CPU.Build.0 = Debug|Any CPU
		{8492C4A1-26D9-4146-82FA-EBE54E8304A7}.Release|Any CPU.ActiveCfg = Release|Any CPU
		{8492C4A1-26D9-4146-82FA-EBE54E8304A7}.Release|Any CPU.Build.0 = Release|Any CPU
		{ABCA32A5-D007-4A9C-88C8-AF4BFE41E1A2}.Debug|Any CPU.ActiveCfg = Debug|Any CPU
		{ABCA32A5-D007-4A9C-88C8-AF4BFE41E1A2}.Debug|Any CPU.Build.0 = Debug|Any CPU
		{ABCA32A5-D007-4A9C-88C8-AF4BFE41E1A2}.Release|Any CPU.ActiveCfg = Release|Any CPU
		{ABCA32A5-D007-4A9C-88C8-AF4BFE41E1A2}.Release|Any CPU.Build.0 = Release|Any CPU
		{FA5FD17F-8493-4AAC-9DF2-5C44AB6DEF8F}.Debug|Any CPU.ActiveCfg = Debug|Any CPU
		{FA5FD17F-8493-4AAC-9DF2-5C44AB6DEF8F}.Debug|Any CPU.Build.0 = Debug|Any CPU
		{FA5FD17F-8493-4AAC-9DF2-5C44AB6DEF8F}.Release|Any CPU.ActiveCfg = Release|Any CPU
		{FA5FD17F-8493-4AAC-9DF2-5C44AB6DEF8F}.Release|Any CPU.Build.0 = Release|Any CPU
		{98E69C5A-C4DF-4263-896D-04BB5E978054}.Debug|Any CPU.ActiveCfg = Debug|Any CPU
		{98E69C5A-C4DF-4263-896D-04BB5E978054}.Debug|Any CPU.Build.0 = Debug|Any CPU
		{98E69C5A-C4DF-4263-896D-04BB5E978054}.Release|Any CPU.ActiveCfg = Release|Any CPU
		{98E69C5A-C4DF-4263-896D-04BB5E978054}.Release|Any CPU.Build.0 = Release|Any CPU
		{AD571D7A-CAA1-4D74-8BF5-C75CFB2E81DC}.Debug|Any CPU.ActiveCfg = Debug|Any CPU
		{AD571D7A-CAA1-4D74-8BF5-C75CFB2E81DC}.Debug|Any CPU.Build.0 = Debug|Any CPU
		{AD571D7A-CAA1-4D74-8BF5-C75CFB2E81DC}.Release|Any CPU.ActiveCfg = Release|Any CPU
		{AD571D7A-CAA1-4D74-8BF5-C75CFB2E81DC}.Release|Any CPU.Build.0 = Release|Any CPU
		{7DEF12C1-831D-4E3A-A86D-8936C5E8CDF8}.Debug|Any CPU.ActiveCfg = Debug|Any CPU
		{7DEF12C1-831D-4E3A-A86D-8936C5E8CDF8}.Debug|Any CPU.Build.0 = Debug|Any CPU
		{7DEF12C1-831D-4E3A-A86D-8936C5E8CDF8}.Release|Any CPU.ActiveCfg = Release|Any CPU
		{7DEF12C1-831D-4E3A-A86D-8936C5E8CDF8}.Release|Any CPU.Build.0 = Release|Any CPU
		{4735B693-3B42-4E56-9F5A-6E5C2A0F31FD}.Debug|Any CPU.ActiveCfg = Debug|Any CPU
		{4735B693-3B42-4E56-9F5A-6E5C2A0F31FD}.Debug|Any CPU.Build.0 = Debug|Any CPU
		{4735B693-3B42-4E56-9F5A-6E5C2A0F31FD}.Release|Any CPU.ActiveCfg = Release|Any CPU
		{4735B693-3B42-4E56-9F5A-6E5C2A0F31FD}.Release|Any CPU.Build.0 = Release|Any CPU
		{D2FA3040-382D-4B63-9D28-B44A8F95F79E}.Debug|Any CPU.ActiveCfg = Debug|Any CPU
		{D2FA3040-382D-4B63-9D28-B44A8F95F79E}.Debug|Any CPU.Build.0 = Debug|Any CPU
		{D2FA3040-382D-4B63-9D28-B44A8F95F79E}.Release|Any CPU.ActiveCfg = Release|Any CPU
		{D2FA3040-382D-4B63-9D28-B44A8F95F79E}.Release|Any CPU.Build.0 = Release|Any CPU
		{147EEF68-A824-4B61-9B2A-AB6DC425F72C}.Debug|Any CPU.ActiveCfg = Debug|Any CPU
		{147EEF68-A824-4B61-9B2A-AB6DC425F72C}.Debug|Any CPU.Build.0 = Debug|Any CPU
		{147EEF68-A824-4B61-9B2A-AB6DC425F72C}.Release|Any CPU.ActiveCfg = Release|Any CPU
		{147EEF68-A824-4B61-9B2A-AB6DC425F72C}.Release|Any CPU.Build.0 = Release|Any CPU
		{36E36D5B-F5A9-41AD-8798-CF7816B7C513}.Debug|Any CPU.ActiveCfg = Debug|Any CPU
		{36E36D5B-F5A9-41AD-8798-CF7816B7C513}.Debug|Any CPU.Build.0 = Debug|Any CPU
		{36E36D5B-F5A9-41AD-8798-CF7816B7C513}.Release|Any CPU.ActiveCfg = Release|Any CPU
		{36E36D5B-F5A9-41AD-8798-CF7816B7C513}.Release|Any CPU.Build.0 = Release|Any CPU
		{FA3EB9EE-00F4-4F4E-A39C-19E8E543C312}.Debug|Any CPU.ActiveCfg = Debug|Any CPU
		{FA3EB9EE-00F4-4F4E-A39C-19E8E543C312}.Debug|Any CPU.Build.0 = Debug|Any CPU
		{FA3EB9EE-00F4-4F4E-A39C-19E8E543C312}.Release|Any CPU.ActiveCfg = Release|Any CPU
		{FA3EB9EE-00F4-4F4E-A39C-19E8E543C312}.Release|Any CPU.Build.0 = Release|Any CPU
		{A8C54E6A-AE10-4DB8-9074-D0F2D4AD4417}.Debug|Any CPU.ActiveCfg = Debug|Any CPU
		{A8C54E6A-AE10-4DB8-9074-D0F2D4AD4417}.Debug|Any CPU.Build.0 = Debug|Any CPU
		{A8C54E6A-AE10-4DB8-9074-D0F2D4AD4417}.Release|Any CPU.ActiveCfg = Release|Any CPU
		{A8C54E6A-AE10-4DB8-9074-D0F2D4AD4417}.Release|Any CPU.Build.0 = Release|Any CPU
		{457A9456-0F83-49B1-9475-041C03C450D2}.Debug|Any CPU.ActiveCfg = Debug|Any CPU
		{457A9456-0F83-49B1-9475-041C03C450D2}.Debug|Any CPU.Build.0 = Debug|Any CPU
		{457A9456-0F83-49B1-9475-041C03C450D2}.Release|Any CPU.ActiveCfg = Release|Any CPU
		{457A9456-0F83-49B1-9475-041C03C450D2}.Release|Any CPU.Build.0 = Release|Any CPU
		{191F6A68-41E4-4551-8DE2-C76AD0056349}.Debug|Any CPU.ActiveCfg = Debug|Any CPU
		{191F6A68-41E4-4551-8DE2-C76AD0056349}.Debug|Any CPU.Build.0 = Debug|Any CPU
		{191F6A68-41E4-4551-8DE2-C76AD0056349}.Release|Any CPU.ActiveCfg = Release|Any CPU
		{191F6A68-41E4-4551-8DE2-C76AD0056349}.Release|Any CPU.Build.0 = Release|Any CPU
		{6F41D468-77F6-4F7A-800A-27F89068B0A5}.Debug|Any CPU.ActiveCfg = Debug|Any CPU
		{6F41D468-77F6-4F7A-800A-27F89068B0A5}.Debug|Any CPU.Build.0 = Debug|Any CPU
		{6F41D468-77F6-4F7A-800A-27F89068B0A5}.Release|Any CPU.ActiveCfg = Release|Any CPU
		{6F41D468-77F6-4F7A-800A-27F89068B0A5}.Release|Any CPU.Build.0 = Release|Any CPU
		{A8EA02A1-3136-4A85-9A57-9B0568A9E189}.Debug|Any CPU.ActiveCfg = Debug|Any CPU
		{A8EA02A1-3136-4A85-9A57-9B0568A9E189}.Debug|Any CPU.Build.0 = Debug|Any CPU
		{A8EA02A1-3136-4A85-9A57-9B0568A9E189}.Release|Any CPU.ActiveCfg = Release|Any CPU
		{A8EA02A1-3136-4A85-9A57-9B0568A9E189}.Release|Any CPU.Build.0 = Release|Any CPU
	EndGlobalSection
	GlobalSection(SolutionProperties) = preSolution
		HideSolutionNode = FALSE
	EndGlobalSection
	GlobalSection(ExtensibilityGlobals) = postSolution
		SolutionGuid = {821A65B4-C5DB-4206-9A1E-303CCB7F4468}
	EndGlobalSection
	GlobalSection(NestedProjects) = preSolution
		{2BBF5FDC-9DF1-47BD-998F-64D40323DE39} = {1AE67BE2-5C52-4B09-97DB-8F7DF50B0955}
		{1AE67BE2-5C52-4B09-97DB-8F7DF50B0955} = {978A13D7-0AFD-4F1F-856B-5EC927C5A1B3}
		{77284289-A110-4D5E-8AFA-A507457C5992} = {978A13D7-0AFD-4F1F-856B-5EC927C5A1B3}
		{6826AEFA-5AD6-45E2-85F7-10AE995902FD} = {77284289-A110-4D5E-8AFA-A507457C5992}
		{47DC1F3A-EBB1-498A-B7DF-C799E691F67D} = {77284289-A110-4D5E-8AFA-A507457C5992}
		{43ACFFF9-D89B-4FA0-B0C3-BBC1E0D59270} = {978A13D7-0AFD-4F1F-856B-5EC927C5A1B3}
		{B90CD12D-3B84-4586-A677-030A0E81C525} = {43ACFFF9-D89B-4FA0-B0C3-BBC1E0D59270}
		{CD6B6C6D-E857-4AE1-887B-CF3373B158D1} = {978A13D7-0AFD-4F1F-856B-5EC927C5A1B3}
		{942B05D2-81B6-4EEF-9361-93646342B817} = {CD6B6C6D-E857-4AE1-887B-CF3373B158D1}
		{43A81B10-46F1-403C-8CDF-6F628E6F088A} = {978A13D7-0AFD-4F1F-856B-5EC927C5A1B3}
		{8DFE3D9B-F67B-4CA8-9BD9-62462BB9DEA8} = {CD6B6C6D-E857-4AE1-887B-CF3373B158D1}
		{E3F30F3D-049B-49FE-99B5-CE1C00B81818} = {43A81B10-46F1-403C-8CDF-6F628E6F088A}
		{BA6B0BC8-C261-455B-948E-EDD9135F2D4D} = {978A13D7-0AFD-4F1F-856B-5EC927C5A1B3}
		{436F915F-B459-4CD2-A2B4-593417E3AFEE} = {978A13D7-0AFD-4F1F-856B-5EC927C5A1B3}
		{ECB91483-1089-4025-909F-BA5A6A69BAB7} = {436F915F-B459-4CD2-A2B4-593417E3AFEE}
		{87235885-47BD-450C-9C31-8810F00FC8C5} = {77284289-A110-4D5E-8AFA-A507457C5992}
		{EF9EAD21-4448-4627-8DF8-79E78D30D1DD} = {CD6B6C6D-E857-4AE1-887B-CF3373B158D1}
		{E372406A-B1FE-4FEA-914A-D693700AE5A3} = {CD6B6C6D-E857-4AE1-887B-CF3373B158D1}
		{F54934DA-A161-4169-B96C-B1C71998BE32} = {77284289-A110-4D5E-8AFA-A507457C5992}
		{78EDF8DE-CD1F-4D09-AF5E-E04B8D965A13} = {43A81B10-46F1-403C-8CDF-6F628E6F088A}
		{CD9EAD05-8EF8-44C9-B999-7D31EF21EBD5} = {43A81B10-46F1-403C-8CDF-6F628E6F088A}
		{21B603DF-27A5-4D50-BACB-381CB469D6A8} = {978A13D7-0AFD-4F1F-856B-5EC927C5A1B3}
		{DD17E217-E45D-49CC-A303-B95D646F41F5} = {21B603DF-27A5-4D50-BACB-381CB469D6A8}
		{ABC43E23-ADFF-42E2-A5BC-256A2BF32FAD} = {21B603DF-27A5-4D50-BACB-381CB469D6A8}
		{989C89BC-5365-45AD-A33A-2216D14DDFC3} = {21B603DF-27A5-4D50-BACB-381CB469D6A8}
		{273786B3-434A-4C2A-9841-51655D23EF7A} = {1AE67BE2-5C52-4B09-97DB-8F7DF50B0955}
		{022E3B63-A86A-42F6-8C0A-ED1EAFF03F61} = {CD6B6C6D-E857-4AE1-887B-CF3373B158D1}
		{488CEA42-B6C8-40C5-A044-D4D12ABC6F5C} = {43A81B10-46F1-403C-8CDF-6F628E6F088A}
		{8492C4A1-26D9-4146-82FA-EBE54E8304A7} = {43A81B10-46F1-403C-8CDF-6F628E6F088A}
		{ABCA32A5-D007-4A9C-88C8-AF4BFE41E1A2} = {21B603DF-27A5-4D50-BACB-381CB469D6A8}
		{FA5FD17F-8493-4AAC-9DF2-5C44AB6DEF8F} = {8BA76E14-9403-4464-8BA2-656CC00146FB}
		{98E69C5A-C4DF-4263-896D-04BB5E978054} = {21B603DF-27A5-4D50-BACB-381CB469D6A8}
		{AD571D7A-CAA1-4D74-8BF5-C75CFB2E81DC} = {21B603DF-27A5-4D50-BACB-381CB469D6A8}
		{4735B693-3B42-4E56-9F5A-6E5C2A0F31FD} = {21B603DF-27A5-4D50-BACB-381CB469D6A8}
		{D2FA3040-382D-4B63-9D28-B44A8F95F79E} = {CD6B6C6D-E857-4AE1-887B-CF3373B158D1}
		{147EEF68-A824-4B61-9B2A-AB6DC425F72C} = {1AE67BE2-5C52-4B09-97DB-8F7DF50B0955}
		{4BC8A375-CF09-4871-A398-88EADD3DD4AE} = {1AE67BE2-5C52-4B09-97DB-8F7DF50B0955}
		{B8514B02-A8D7-459A-9F36-FA900DB1F486} = {1AE67BE2-5C52-4B09-97DB-8F7DF50B0955}
		{830280A1-714A-49BC-96C0-72DE03FD160D} = {1AE67BE2-5C52-4B09-97DB-8F7DF50B0955}
		{3A7323CB-1A9C-49AF-A4E4-D6CB068EDA2E} = {1AE67BE2-5C52-4B09-97DB-8F7DF50B0955}
		{2147A199-D812-47D4-926E-BE6E48B2B9FA} = {1AE67BE2-5C52-4B09-97DB-8F7DF50B0955}
		{BDF91F07-96BF-4568-B667-75F4A77DC87A} = {1AE67BE2-5C52-4B09-97DB-8F7DF50B0955}
		{DA938B44-DE65-4A79-A42D-2F5819EF0E85} = {1AE67BE2-5C52-4B09-97DB-8F7DF50B0955}
		{7DEF12C1-831D-4E3A-A86D-8936C5E8CDF8} = {1AE67BE2-5C52-4B09-97DB-8F7DF50B0955}
		{1C0DFCDA-C32B-44BA-9ECC-F6DE2F1B7317} = {1AE67BE2-5C52-4B09-97DB-8F7DF50B0955}
		{40D13E92-9CA7-4EFA-BF4C-EEE3968C3153} = {1AE67BE2-5C52-4B09-97DB-8F7DF50B0955}
		{02038E6F-0F2E-4A82-8FA6-5A786117F326} = {1AE67BE2-5C52-4B09-97DB-8F7DF50B0955}
		{16B2D3BA-DA3B-40A7-8D21-DC00768F84A0} = {43A81B10-46F1-403C-8CDF-6F628E6F088A}
		{D5E61311-A77B-4F15-98D0-E092C2BA2AF8} = {43A81B10-46F1-403C-8CDF-6F628E6F088A}
		{9652A214-4E21-4F52-9E8F-47B38E6A82B7} = {43A81B10-46F1-403C-8CDF-6F628E6F088A}
		{F2AA696E-7A38-41DF-B617-C313497A285B} = {43A81B10-46F1-403C-8CDF-6F628E6F088A}
		{04DF6228-0CFC-40E4-8BC7-3B11B5225A62} = {43A81B10-46F1-403C-8CDF-6F628E6F088A}
		{E075328E-B2BC-42F4-9404-A5D7075840C2} = {43A81B10-46F1-403C-8CDF-6F628E6F088A}
		{7E9DC23D-7074-4782-9D39-F09BB1CB39B4} = {43A81B10-46F1-403C-8CDF-6F628E6F088A}
		{2A537583-7DB0-45CD-93A1-FCEAF16CEEE3} = {43A81B10-46F1-403C-8CDF-6F628E6F088A}
		{F28DA61F-F6FE-4439-ACB8-322AF22CF07A} = {77284289-A110-4D5E-8AFA-A507457C5992}
		{143A3921-3A46-40CD-97AB-0625A85527A5} = {77284289-A110-4D5E-8AFA-A507457C5992}
		{9E5AF39E-F10E-46C3-BEB5-D784984F0FBD} = {77284289-A110-4D5E-8AFA-A507457C5992}
		{A269FAAD-94C8-4215-A057-802DE30D3668} = {77284289-A110-4D5E-8AFA-A507457C5992}
		{B6446F4D-6B13-491F-A9FF-FC5421623602} = {77284289-A110-4D5E-8AFA-A507457C5992}
		{54A070E5-4FC6-4B4E-BAAE-644046481357} = {77284289-A110-4D5E-8AFA-A507457C5992}
		{C6BC53D9-FCCF-4F9B-A602-4208224D1006} = {43ACFFF9-D89B-4FA0-B0C3-BBC1E0D59270}
		{36E36D5B-F5A9-41AD-8798-CF7816B7C513} = {43ACFFF9-D89B-4FA0-B0C3-BBC1E0D59270}
		{FA3EB9EE-00F4-4F4E-A39C-19E8E543C312} = {1AE67BE2-5C52-4B09-97DB-8F7DF50B0955}
		{A8C54E6A-AE10-4DB8-9074-D0F2D4AD4417} = {1AE67BE2-5C52-4B09-97DB-8F7DF50B0955}
		{457A9456-0F83-49B1-9475-041C03C450D2} = {1AE67BE2-5C52-4B09-97DB-8F7DF50B0955}
		{191F6A68-41E4-4551-8DE2-C76AD0056349} = {8BA76E14-9403-4464-8BA2-656CC00146FB}
		{6F41D468-77F6-4F7A-800A-27F89068B0A5} = {21B603DF-27A5-4D50-BACB-381CB469D6A8}
		{A8EA02A1-3136-4A85-9A57-9B0568A9E189} = {8BA76E14-9403-4464-8BA2-656CC00146FB}
	EndGlobalSection
EndGlobal
